
Microsoft Visual Studio Solution File, Format Version 12.00
# Visual Studio 15
VisualStudioVersion = 15.0.26730.16
MinimumVisualStudioVersion = 10.0.40219.1
Project("{FAE04EC0-301F-11D3-BF4B-00C04F79EFBC}") = "HelloXamarin", "HelloXamarin\HelloXamarin.csproj", "{053BFD46-2022-425F-9415-460C204C09CC}"
EndProject
Global
	GlobalSection(SolutionConfigurationPlatforms) = preSolution
		Debug|Any CPU = Debug|Any CPU
		Release|Any CPU = Release|Any CPU
	EndGlobalSection
	GlobalSection(ProjectConfigurationPlatforms) = postSolution
		{053BFD46-2022-425F-9415-460C204C09CC}.Debug|Any CPU.ActiveCfg = Debug|Any CPU
		{053BFD46-2022-425F-9415-460C204C09CC}.Debug|Any CPU.Build.0 = Debug|Any CPU
		{053BFD46-2022-425F-9415-460C204C09CC}.Debug|Any CPU.Deploy.0 = Debug|Any CPU
		{053BFD46-2022-425F-9415-460C204C09CC}.Release|Any CPU.ActiveCfg = Release|Any CPU
		{053BFD46-2022-425F-9415-460C204C09CC}.Release|Any CPU.Build.0 = Release|Any CPU
		{053BFD46-2022-425F-9415-460C204C09CC}.Release|Any CPU.Deploy.0 = Release|Any CPU
	EndGlobalSection
	GlobalSection(SolutionProperties) = preSolution
		HideSolutionNode = FALSE
	EndGlobalSection
	GlobalSection(ExtensibilityGlobals) = postSolution
		SolutionGuid = {47A11E52-3A28-40D7-8629-23353787DD79}
	EndGlobalSection
EndGlobal
